
Microsoft Visual Studio Solution File, Format Version 12.00
# Visual Studio Version 17
VisualStudioVersion = 17.1.32328.378
MinimumVisualStudioVersion = 10.0.40219.1
Project("{FAE04EC0-301F-11D3-BF4B-00C04F79EFBC}") = "DannyZapata.Android", "DannyZapata.Android\DannyZapata.Android.csproj", "{35485BF0-825C-4300-963C-F74FFC92D10C}"
EndProject
Project("{FAE04EC0-301F-11D3-BF4B-00C04F79EFBC}") = "DannyZapata.iOS", "DannyZapata.iOS\DannyZapata.iOS.csproj", "{D256E693-1918-4615-9DDD-4013847B6EC2}"
EndProject
Project("{FAE04EC0-301F-11D3-BF4B-00C04F79EFBC}") = "DannyZapata", "DannyZapata\DannyZapata.csproj", "{A69D23DD-2301-4F2B-8931-4AA60E1F6012}"
EndProject
Global
	GlobalSection(SolutionConfigurationPlatforms) = preSolution
		Debug|Any CPU = Debug|Any CPU
		Debug|iPhone = Debug|iPhone
		Debug|iPhoneSimulator = Debug|iPhoneSimulator
		Release|Any CPU = Release|Any CPU
		Release|iPhone = Release|iPhone
		Release|iPhoneSimulator = Release|iPhoneSimulator
	EndGlobalSection
	GlobalSection(ProjectConfigurationPlatforms) = postSolution
		{35485BF0-825C-4300-963C-F74FFC92D10C}.Debug|Any CPU.ActiveCfg = Debug|Any CPU
		{35485BF0-825C-4300-963C-F74FFC92D10C}.Debug|Any CPU.Build.0 = Debug|Any CPU
		{35485BF0-825C-4300-963C-F74FFC92D10C}.Debug|Any CPU.Deploy.0 = Debug|Any CPU
		{35485BF0-825C-4300-963C-F74FFC92D10C}.Debug|iPhone.ActiveCfg = Debug|Any CPU
		{35485BF0-825C-4300-963C-F74FFC92D10C}.Debug|iPhone.Build.0 = Debug|Any CPU
		{35485BF0-825C-4300-963C-F74FFC92D10C}.Debug|iPhone.Deploy.0 = Debug|Any CPU
		{35485BF0-825C-4300-963C-F74FFC92D10C}.Debug|iPhoneSimulator.ActiveCfg = Debug|Any CPU
		{35485BF0-825C-4300-963C-F74FFC92D10C}.Debug|iPhoneSimulator.Build.0 = Debug|Any CPU
		{35485BF0-825C-4300-963C-F74FFC92D10C}.Debug|iPhoneSimulator.Deploy.0 = Debug|Any CPU
		{35485BF0-825C-4300-963C-F74FFC92D10C}.Release|Any CPU.ActiveCfg = Release|Any CPU
		{35485BF0-825C-4300-963C-F74FFC92D10C}.Release|Any CPU.Build.0 = Release|Any CPU
		{35485BF0-825C-4300-963C-F74FFC92D10C}.Release|Any CPU.Deploy.0 = Release|Any CPU
		{35485BF0-825C-4300-963C-F74FFC92D10C}.Release|iPhone.ActiveCfg = Release|Any CPU
		{35485BF0-825C-4300-963C-F74FFC92D10C}.Release|iPhone.Build.0 = Release|Any CPU
		{35485BF0-825C-4300-963C-F74FFC92D10C}.Release|iPhone.Deploy.0 = Release|Any CPU
		{35485BF0-825C-4300-963C-F74FFC92D10C}.Release|iPhoneSimulator.ActiveCfg = Release|Any CPU
		{35485BF0-825C-4300-963C-F74FFC92D10C}.Release|iPhoneSimulator.Build.0 = Release|Any CPU
		{35485BF0-825C-4300-963C-F74FFC92D10C}.Release|iPhoneSimulator.Deploy.0 = Release|Any CPU
		{D256E693-1918-4615-9DDD-4013847B6EC2}.Debug|Any CPU.ActiveCfg = Debug|iPhone
		{D256E693-1918-4615-9DDD-4013847B6EC2}.Debug|Any CPU.Build.0 = Debug|iPhone
		{D256E693-1918-4615-9DDD-4013847B6EC2}.Debug|Any CPU.Deploy.0 = Debug|iPhone
		{D256E693-1918-4615-9DDD-4013847B6EC2}.Debug|iPhone.ActiveCfg = Debug|iPhone
		{D256E693-1918-4615-9DDD-4013847B6EC2}.Debug|iPhone.Build.0 = Debug|iPhone
		{D256E693-1918-4615-9DDD-4013847B6EC2}.Debug|iPhone.Deploy.0 = Debug|iPhone
		{D256E693-1918-4615-9DDD-4013847B6EC2}.Debug|iPhoneSimulator.ActiveCfg = Debug|iPhoneSimulator
		{D256E693-1918-4615-9DDD-4013847B6EC2}.Debug|iPhoneSimulator.Build.0 = Debug|iPhoneSimulator
		{D256E693-1918-4615-9DDD-4013847B6EC2}.Debug|iPhoneSimulator.Deploy.0 = Debug|iPhoneSimulator
		{D256E693-1918-4615-9DDD-4013847B6EC2}.Release|Any CPU.ActiveCfg = Release|iPhoneSimulator
		{D256E693-1918-4615-9DDD-4013847B6EC2}.Release|Any CPU.Build.0 = Release|iPhoneSimulator
		{D256E693-1918-4615-9DDD-4013847B6EC2}.Release|Any CPU.Deploy.0 = Release|iPhoneSimulator
		{D256E693-1918-4615-9DDD-4013847B6EC2}.Release|iPhone.ActiveCfg = Release|iPhone
		{D256E693-1918-4615-9DDD-4013847B6EC2}.Release|iPhone.Build.0 = Release|iPhone
		{D256E693-1918-4615-9DDD-4013847B6EC2}.Release|iPhone.Deploy.0 = Release|iPhone
		{D256E693-1918-4615-9DDD-4013847B6EC2}.Release|iPhoneSimulator.ActiveCfg = Release|iPhoneSimulator
		{D256E693-1918-4615-9DDD-4013847B6EC2}.Release|iPhoneSimulator.Build.0 = Release|iPhoneSimulator
		{D256E693-1918-4615-9DDD-4013847B6EC2}.Release|iPhoneSimulator.Deploy.0 = Release|iPhoneSimulator
		{A69D23DD-2301-4F2B-8931-4AA60E1F6012}.Debug|Any CPU.ActiveCfg = Debug|Any CPU
		{A69D23DD-2301-4F2B-8931-4AA60E1F6012}.Debug|Any CPU.Build.0 = Debug|Any CPU
		{A69D23DD-2301-4F2B-8931-4AA60E1F6012}.Debug|Any CPU.Deploy.0 = Debug|Any CPU
		{A69D23DD-2301-4F2B-8931-4AA60E1F6012}.Debug|iPhone.ActiveCfg = Debug|Any CPU
		{A69D23DD-2301-4F2B-8931-4AA60E1F6012}.Debug|iPhone.Build.0 = Debug|Any CPU
		{A69D23DD-2301-4F2B-8931-4AA60E1F6012}.Debug|iPhone.Deploy.0 = Debug|Any CPU
		{A69D23DD-2301-4F2B-8931-4AA60E1F6012}.Debug|iPhoneSimulator.ActiveCfg = Debug|Any CPU
		{A69D23DD-2301-4F2B-8931-4AA60E1F6012}.Debug|iPhoneSimulator.Build.0 = Debug|Any CPU
		{A69D23DD-2301-4F2B-8931-4AA60E1F6012}.Debug|iPhoneSimulator.Deploy.0 = Debug|Any CPU
		{A69D23DD-2301-4F2B-8931-4AA60E1F6012}.Release|Any CPU.ActiveCfg = Release|Any CPU
		{A69D23DD-2301-4F2B-8931-4AA60E1F6012}.Release|Any CPU.Build.0 = Release|Any CPU
		{A69D23DD-2301-4F2B-8931-4AA60E1F6012}.Release|Any CPU.Deploy.0 = Release|Any CPU
		{A69D23DD-2301-4F2B-8931-4AA60E1F6012}.Release|iPhone.ActiveCfg = Release|Any CPU
		{A69D23DD-2301-4F2B-8931-4AA60E1F6012}.Release|iPhone.Build.0 = Release|Any CPU
		{A69D23DD-2301-4F2B-8931-4AA60E1F6012}.Release|iPhone.Deploy.0 = Release|Any CPU
		{A69D23DD-2301-4F2B-8931-4AA60E1F6012}.Release|iPhoneSimulator.ActiveCfg = Release|Any CPU
		{A69D23DD-2301-4F2B-8931-4AA60E1F6012}.Release|iPhoneSimulator.Build.0 = Release|Any CPU
		{A69D23DD-2301-4F2B-8931-4AA60E1F6012}.Release|iPhoneSimulator.Deploy.0 = Release|Any CPU
	EndGlobalSection
	GlobalSection(SolutionProperties) = preSolution
		HideSolutionNode = FALSE
	EndGlobalSection
	GlobalSection(ExtensibilityGlobals) = postSolution
		SolutionGuid = {23525C5A-E38F-4497-8AE9-2E3DDABE22AE}
	EndGlobalSection
EndGlobal
